
Microsoft Visual Studio Solution File, Format Version 12.00
# Visual Studio Version 16
VisualStudioVersion = 16.0.30907.101
MinimumVisualStudioVersion = 10.0.40219.1
Project("{9A19103F-16F7-4668-BE54-9A1E7A4F7556}") = "ChatBot.WebApplication", "ChatBot.WebApplication\ChatBot.WebApplication.csproj", "{0488C55F-5B71-45C9-88D4-D7CE9A152916}"
EndProject
Project("{9A19103F-16F7-4668-BE54-9A1E7A4F7556}") = "ChatBot.Core", "ChatBot.Core\ChatBot.Core.csproj", "{A6BF07FB-5698-49FA-814B-ACBD0CE0D6FD}"
EndProject
Project("{9A19103F-16F7-4668-BE54-9A1E7A4F7556}") = "ChatBot.Db", "ChatBot.Db\ChatBot.Db.csproj", "{01BF464B-407E-4AF8-A2D2-90ECDEDB4D88}"
EndProject
Project("{FAE04EC0-301F-11D3-BF4B-00C04F79EFBC}") = "ChatBot.Utils", "ChatBot.Utils\ChatBot.Utils.csproj", "{129B9E3C-E6B4-4463-944A-52B6F2839224}"
EndProject
Global
	GlobalSection(SolutionConfigurationPlatforms) = preSolution
		Debug|Any CPU = Debug|Any CPU
		Release|Any CPU = Release|Any CPU
	EndGlobalSection
	GlobalSection(ProjectConfigurationPlatforms) = postSolution
		{0488C55F-5B71-45C9-88D4-D7CE9A152916}.Debug|Any CPU.ActiveCfg = Debug|Any CPU
		{0488C55F-5B71-45C9-88D4-D7CE9A152916}.Debug|Any CPU.Build.0 = Debug|Any CPU
		{0488C55F-5B71-45C9-88D4-D7CE9A152916}.Release|Any CPU.ActiveCfg = Release|Any CPU
		{0488C55F-5B71-45C9-88D4-D7CE9A152916}.Release|Any CPU.Build.0 = Release|Any CPU
		{A6BF07FB-5698-49FA-814B-ACBD0CE0D6FD}.Debug|Any CPU.ActiveCfg = Debug|Any CPU
		{A6BF07FB-5698-49FA-814B-ACBD0CE0D6FD}.Debug|Any CPU.Build.0 = Debug|Any CPU
		{A6BF07FB-5698-49FA-814B-ACBD0CE0D6FD}.Release|Any CPU.ActiveCfg = Release|Any CPU
		{A6BF07FB-5698-49FA-814B-ACBD0CE0D6FD}.Release|Any CPU.Build.0 = Release|Any CPU
		{01BF464B-407E-4AF8-A2D2-90ECDEDB4D88}.Debug|Any CPU.ActiveCfg = Debug|Any CPU
		{01BF464B-407E-4AF8-A2D2-90ECDEDB4D88}.Debug|Any CPU.Build.0 = Debug|Any CPU
		{01BF464B-407E-4AF8-A2D2-90ECDEDB4D88}.Release|Any CPU.ActiveCfg = Release|Any CPU
		{01BF464B-407E-4AF8-A2D2-90ECDEDB4D88}.Release|Any CPU.Build.0 = Release|Any CPU
		{129B9E3C-E6B4-4463-944A-52B6F2839224}.Debug|Any CPU.ActiveCfg = Debug|Any CPU
		{129B9E3C-E6B4-4463-944A-52B6F2839224}.Debug|Any CPU.Build.0 = Debug|Any CPU
		{129B9E3C-E6B4-4463-944A-52B6F2839224}.Release|Any CPU.ActiveCfg = Release|Any CPU
		{129B9E3C-E6B4-4463-944A-52B6F2839224}.Release|Any CPU.Build.0 = Release|Any CPU
	EndGlobalSection
	GlobalSection(SolutionProperties) = preSolution
		HideSolutionNode = FALSE
	EndGlobalSection
	GlobalSection(ExtensibilityGlobals) = postSolution
		SolutionGuid = {675E67EF-CCDD-47E1-B68E-648752B950C5}
	EndGlobalSection
EndGlobal
